
Microsoft Visual Studio Solution File, Format Version 12.00
# Visual Studio 15
VisualStudioVersion = 15.0.27323.2
MinimumVisualStudioVersion = 10.0.40219.1
Project("{9A19103F-16F7-4668-BE54-9A1E7A4F7556}") = "NetCore.MemoryCache", "NetCore.MemoryCache\NetCore.MemoryCache.csproj", "{187DE61D-A13B-4FC3-8248-9657F618AB20}"
EndProject
Project("{9A19103F-16F7-4668-BE54-9A1E7A4F7556}") = "NetCore.RedisCache", "NetCore.RedisCache\NetCore.RedisCache.csproj", "{EC7222CF-C8F7-470B-A677-D2536CCB3B21}"
EndProject
Project("{FAE04EC0-301F-11D3-BF4B-00C04F79EFBC}") = "NetCore.CacheMiddleware", "NetCore.CacheMiddleware\NetCore.CacheMiddleware.csproj", "{73359C2D-7108-47D1-A53C-865DB42D1561}"
EndProject
Global
	GlobalSection(SolutionConfigurationPlatforms) = preSolution
		Debug|Any CPU = Debug|Any CPU
		Release|Any CPU = Release|Any CPU
	EndGlobalSection
	GlobalSection(ProjectConfigurationPlatforms) = postSolution
		{187DE61D-A13B-4FC3-8248-9657F618AB20}.Debug|Any CPU.ActiveCfg = Debug|Any CPU
		{187DE61D-A13B-4FC3-8248-9657F618AB20}.Debug|Any CPU.Build.0 = Debug|Any CPU
		{187DE61D-A13B-4FC3-8248-9657F618AB20}.Release|Any CPU.ActiveCfg = Release|Any CPU
		{187DE61D-A13B-4FC3-8248-9657F618AB20}.Release|Any CPU.Build.0 = Release|Any CPU
		{EC7222CF-C8F7-470B-A677-D2536CCB3B21}.Debug|Any CPU.ActiveCfg = Debug|Any CPU
		{EC7222CF-C8F7-470B-A677-D2536CCB3B21}.Debug|Any CPU.Build.0 = Debug|Any CPU
		{EC7222CF-C8F7-470B-A677-D2536CCB3B21}.Release|Any CPU.ActiveCfg = Release|Any CPU
		{EC7222CF-C8F7-470B-A677-D2536CCB3B21}.Release|Any CPU.Build.0 = Release|Any CPU
		{73359C2D-7108-47D1-A53C-865DB42D1561}.Debug|Any CPU.ActiveCfg = Debug|Any CPU
		{73359C2D-7108-47D1-A53C-865DB42D1561}.Debug|Any CPU.Build.0 = Debug|Any CPU
		{73359C2D-7108-47D1-A53C-865DB42D1561}.Release|Any CPU.ActiveCfg = Release|Any CPU
		{73359C2D-7108-47D1-A53C-865DB42D1561}.Release|Any CPU.Build.0 = Release|Any CPU
	EndGlobalSection
	GlobalSection(SolutionProperties) = preSolution
		HideSolutionNode = FALSE
	EndGlobalSection
	GlobalSection(ExtensibilityGlobals) = postSolution
		SolutionGuid = {2A4510BC-2098-4F8E-8C58-796DC7B59088}
	EndGlobalSection
EndGlobal
